
Microsoft Visual Studio Solution File, Format Version 12.00
# Visual Studio Version 17
VisualStudioVersion = 17.14.36327.8 d17.14
MinimumVisualStudioVersion = 10.0.40219.1
Project("{FAE04EC0-301F-11D3-BF4B-00C04F79EFBC}") = "CalculadoraIMC", "CalculadoraIMC\CalculadoraIMC.csproj", "{3351B8B4-ABBA-4A78-A001-9C02E5C327CF}"
EndProject
Global
	GlobalSection(SolutionConfigurationPlatforms) = preSolution
		Debug|Any CPU = Debug|Any CPU
		Release|Any CPU = Release|Any CPU
	EndGlobalSection
	GlobalSection(ProjectConfigurationPlatforms) = postSolution
		{3351B8B4-ABBA-4A78-A001-9C02E5C327CF}.Debug|Any CPU.ActiveCfg = Debug|Any CPU
		{3351B8B4-ABBA-4A78-A001-9C02E5C327CF}.Debug|Any CPU.Build.0 = Debug|Any CPU
		{3351B8B4-ABBA-4A78-A001-9C02E5C327CF}.Release|Any CPU.ActiveCfg = Release|Any CPU
		{3351B8B4-ABBA-4A78-A001-9C02E5C327CF}.Release|Any CPU.Build.0 = Release|Any CPU
	EndGlobalSection
	GlobalSection(SolutionProperties) = preSolution
		HideSolutionNode = FALSE
	EndGlobalSection
	GlobalSection(ExtensibilityGlobals) = postSolution
		SolutionGuid = {7E12EDAD-63FC-4AA6-81D7-EB7CF83FAA00}
	EndGlobalSection
EndGlobal
